
Microsoft Visual Studio Solution File, Format Version 12.00
# Visual Studio Version 17
VisualStudioVersion = 17.3.32929.385
MinimumVisualStudioVersion = 10.0.40219.1
Project("{FAE04EC0-301F-11D3-BF4B-00C04F79EFBC}") = "Simion_Roxana_Lab1", "Simion_Roxana_Lab1.csproj", "{4745A12E-B4ED-4E59-A021-78CC1EAED405}"
EndProject
Global
	GlobalSection(SolutionConfigurationPlatforms) = preSolution
		Debug|Any CPU = Debug|Any CPU
		Release|Any CPU = Release|Any CPU
	EndGlobalSection
	GlobalSection(ProjectConfigurationPlatforms) = postSolution
		{4745A12E-B4ED-4E59-A021-78CC1EAED405}.Debug|Any CPU.ActiveCfg = Debug|Any CPU
		{4745A12E-B4ED-4E59-A021-78CC1EAED405}.Debug|Any CPU.Build.0 = Debug|Any CPU
		{4745A12E-B4ED-4E59-A021-78CC1EAED405}.Release|Any CPU.ActiveCfg = Release|Any CPU
		{4745A12E-B4ED-4E59-A021-78CC1EAED405}.Release|Any CPU.Build.0 = Release|Any CPU
	EndGlobalSection
	GlobalSection(SolutionProperties) = preSolution
		HideSolutionNode = FALSE
	EndGlobalSection
	GlobalSection(ExtensibilityGlobals) = postSolution
		SolutionGuid = {EE71A61B-7705-4178-A78B-2304CD356762}
	EndGlobalSection
EndGlobal
